# THIS IS AN AUTOGENERATED FILE. DO NOT EDIT THIS FILE DIRECTLY.
# yarn lockfile v1


"@babel/runtime@^7.10.5":
  version "7.11.2"
  resolved "https://registry.yarnpkg.com/@babel/runtime/-/runtime-7.11.2.tgz#f549c13c754cc40b87644b9fa9f09a6a95fe0736"
  integrity sha512-TeWkU52so0mPtDcaCTxNBI/IHiz0pZgr8VEFqXFtZWpYD08ZB6FaSwVAS8MKRQAP3bYKiVjwysOJgMFY28o6Tw==
  dependencies:
    regenerator-runtime "^0.13.4"

"@emotion/is-prop-valid@^0.8.7":
  version "0.8.8"
  resolved "https://registry.yarnpkg.com/@emotion/is-prop-valid/-/is-prop-valid-0.8.8.tgz#db28b1c4368a259b60a97311d6a952d4fd01ac1a"
  integrity sha512-u5WtneEAr5IDG2Wv65yhunPSMLIpuKsbuOktRojfrEiEvRyC85LgPMZI63cr7NUqT8ZIGdSVg8ZKGxIug4lXcA==
  dependencies:
    "@emotion/memoize" "0.7.4"

"@emotion/memoize@0.7.4":
  version "0.7.4"
  resolved "https://registry.yarnpkg.com/@emotion/memoize/-/memoize-0.7.4.tgz#19bf0f5af19149111c40d98bb0cf82119f5d9eeb"
  integrity sha512-Ja/Vfqe3HpuzRsG1oBtWTHk2PGZ7GR+2Vz5iYGelAw8dx32K0y7PjVuxK6z1nMpZOqAFsRUPCkK1YjJ56qJlgw==

"@styled-icons/bootstrap@^10.19.0":
  version "10.19.0"
  resolved "https://registry.yarnpkg.com/@styled-icons/bootstrap/-/bootstrap-10.19.0.tgz#487376221f46e5a2d6b4bae31ceaf734b317b8d6"
  integrity sha512-cBBaKDzL3qGBbHWmInFBL0VMeoUQo6O11YzTViG6zasdYR5LnLBl39EL0qS183DMnb5yrASHZEmcxc89Ew8akw==
  dependencies:
    "@babel/runtime" "^7.10.5"
    "@styled-icons/styled-icon" "^10.6.0"

"@styled-icons/boxicons-logos@^10.18.0":
  version "10.18.0"
  resolved "https://registry.yarnpkg.com/@styled-icons/boxicons-logos/-/boxicons-logos-10.18.0.tgz#37415607ba8b9e0a82aa40937c0bf236e5d3ee27"
  integrity sha512-3KkN+fOu7kNsfImtP5tVb2yufQgp9H1/eLgvn8Q89wrj6yHiUlwplgk7mYccEYX44Pb8aRjNL9T9OHRy5rHzFw==
  dependencies:
    "@babel/runtime" "^7.10.5"
    "@styled-icons/styled-icon" "^10.6.0"

"@styled-icons/boxicons-regular@^10.18.0":
  version "10.18.0"
  resolved "https://registry.yarnpkg.com/@styled-icons/boxicons-regular/-/boxicons-regular-10.18.0.tgz#7858c27a5461126b45b0de5d8fedb42eac3c4613"
  integrity sha512-o/i+54HOUXCzmDyRI4fTVlR616QBYBH/rmZtLqZ4MTyRiBAB4WRFGu4X29b78euiJfNNOWXxyKZHyS81BuuFUA==
  dependencies:
    "@babel/runtime" "^7.10.5"
    "@styled-icons/styled-icon" "^10.6.0"

"@styled-icons/boxicons-solid@^10.18.0":
  version "10.18.0"
  resolved "https://registry.yarnpkg.com/@styled-icons/boxicons-solid/-/boxicons-solid-10.18.0.tgz#59486a731df3dd0354411e2b47a0ab6938b7a385"
  integrity sha512-qQeEJsYse1XW89vd0AuHgDMiYwR81hEeBPbLNJC5rU6B+fBvJ+hFxd8GNxNe71WrLhpw3n4pjMqVmcNaFlAZ6Q==
  dependencies:
    "@babel/runtime" "^7.10.5"
    "@styled-icons/styled-icon" "^10.6.0"

"@styled-icons/crypto@^10.18.0":
  version "10.18.0"
  resolved "https://registry.yarnpkg.com/@styled-icons/crypto/-/crypto-10.18.0.tgz#6b5169801f7beda5a7c52538c8be8f069b603118"
  integrity sha512-15nxIf16VofU0TVgN5wBUKDl77TgzSX5ba2dbTdof28VC5iokofV95bawtbX4V9+gJDqv6K/mn3+kKjC6k6n5g==
  dependencies:
    "@babel/runtime" "^7.10.5"
    "@styled-icons/styled-icon" "^10.6.0"

"@styled-icons/entypo-social@^10.18.0":
  version "10.18.0"
  resolved "https://registry.yarnpkg.com/@styled-icons/entypo-social/-/entypo-social-10.18.0.tgz#1aeb904cc057b17353ea5a4b52175a61d39bcb91"
  integrity sha512-JjDRJrsLi2IhjPBLYPJW+SNOijcOAOHu6ulyEJmtIRCKGzwdFJaXFPVxhULDnsr1vwBlxYdyvpz72liZH1gZpw==
  dependencies:
    "@babel/runtime" "^7.10.5"
    "@styled-icons/styled-icon" "^10.6.0"

"@styled-icons/entypo@^10.18.0":
  version "10.18.0"
  resolved "https://registry.yarnpkg.com/@styled-icons/entypo/-/entypo-10.18.0.tgz#9d98e8a432215257cca9f7383cae28ce388b6800"
  integrity sha512-FZdYzBiqXgas/c76eeCSWfEy6jpzfvucIXMgwsTDQioh7/x9qVmuyz5TVlghx2zWmtoz4hEnLIDD0Yzw1ajXWQ==
  dependencies:
    "@babel/runtime" "^7.10.5"
    "@styled-icons/styled-icon" "^10.6.0"

"@styled-icons/evaicons-outline@^10.18.0":
  version "10.18.0"
  resolved "https://registry.yarnpkg.com/@styled-icons/evaicons-outline/-/evaicons-outline-10.18.0.tgz#3a7a00a97244fcefcad70e94d81eb151d5fdf9b9"
  integrity sha512-6D352LtvtzfHlhxgUeair6NPfyJ0y6V+1r710w1qoEVO/mnc9F+ED6MaOCDv8GeDOM3eCPd8y2Fs6EA8zKuv/A==
  dependencies:
    "@babel/runtime" "^7.10.5"
    "@styled-icons/styled-icon" "^10.6.0"

"@styled-icons/evaicons-solid@^10.18.0":
  version "10.18.0"
  resolved "https://registry.yarnpkg.com/@styled-icons/evaicons-solid/-/evaicons-solid-10.18.0.tgz#3e17137b41e66d6002ef4d49c37aee80553c7eb7"
  integrity sha512-vL1zGDTj2Mp/RedOaEkm5Ni9/h5scY5VQbwTQFnMV+QcLzk+WKCvS3Jj8mbqbEWvL4MtCdJYDC0UPD4sZSHV5A==
  dependencies:
    "@babel/runtime" "^7.10.5"
    "@styled-icons/styled-icon" "^10.6.0"

"@styled-icons/evil@^10.18.0":
  version "10.18.0"
  resolved "https://registry.yarnpkg.com/@styled-icons/evil/-/evil-10.18.0.tgz#be690e2e6cfb5a465e0dca1ece7e6b92059c17d5"
  integrity sha512-WeBvdVbMg4qYp7pu21FDyJgDekeNF46B9nkyQFYymEQG95AndZArFPOUzshflBcGKB6xv2+jVyPtbtcHh2oQOA==
  dependencies:
    "@babel/runtime" "^7.10.5"
    "@styled-icons/styled-icon" "^10.6.0"

"@styled-icons/fa-brands@^10.18.0":
  version "10.18.0"
  resolved "https://registry.yarnpkg.com/@styled-icons/fa-brands/-/fa-brands-10.18.0.tgz#49d8fd2d25c4fb3e6f0c0ccca7de918d06ce04a5"
  integrity sha512-bYMT+3/GNcE0MR7pZVXn0CyWQRrijjQSXFaqlPG5qhT0Z8wwNYIgxTqfEPnQoxreheHgZ6rkAc/kl2Dxl98jzQ==
  dependencies:
    "@babel/runtime" "^7.10.5"
    "@styled-icons/styled-icon" "^10.6.0"

"@styled-icons/fa-regular@^10.18.0":
  version "10.18.0"
  resolved "https://registry.yarnpkg.com/@styled-icons/fa-regular/-/fa-regular-10.18.0.tgz#682171ede16e4303b15cbcbd6524ea8a78c4c80d"
  integrity sha512-nh027K1OhKXDnWsRY/KRs5oWhgkc3uf66OoluzXWgRpxOD6JBYbdWA8bXgx5sk4LQiGnNGVDFI8X8mnv57wwcg==
  dependencies:
    "@babel/runtime" "^7.10.5"
    "@styled-icons/styled-icon" "^10.6.0"

"@styled-icons/fa-solid@^10.18.0":
  version "10.18.0"
  resolved "https://registry.yarnpkg.com/@styled-icons/fa-solid/-/fa-solid-10.18.0.tgz#058900161ac0148e0ff389ac3424cd32e35abca5"
  integrity sha512-lpBXAwymZiVbfwnUyKXgRL/qcc1VUUYJ6wOJueg6NyDOggvpTMhjlRs0mMF+9Zn/NhtCOrDf2tAW653smH11KQ==
  dependencies:
    "@babel/runtime" "^7.10.5"
    "@styled-icons/styled-icon" "^10.6.0"

"@styled-icons/feather@^10.18.0":
  version "10.18.0"
  resolved "https://registry.yarnpkg.com/@styled-icons/feather/-/feather-10.18.0.tgz#eaec56120c4113930edd2551aaf8d8b9da565219"
  integrity sha512-W8ESG+KLaiCekydTV6LaP3FW5enwvGMSM2T/wvS8HPmnR6tFb4hn8VQrtXG8Bwdc5RmTJ+2eyN6N3KySMfMC4Q==
  dependencies:
    "@babel/runtime" "^7.10.5"
    "@styled-icons/styled-icon" "^10.6.0"

"@styled-icons/foundation@^10.18.0":
  version "10.18.0"
  resolved "https://registry.yarnpkg.com/@styled-icons/foundation/-/foundation-10.18.0.tgz#037a4104135a602a3ae8dd96da948ecf00f794b4"
  integrity sha512-29+Ts+mBHx/lRIEKMKfaiODpia/worBIodawcE/nIJfwV/EPwE4wD5kjlas8n2rO5H5re97DdFrp7FfZDa0puQ==
  dependencies:
    "@babel/runtime" "^7.10.5"
    "@styled-icons/styled-icon" "^10.6.0"

"@styled-icons/heroicons-outline@^10.19.0":
  version "10.19.0"
  resolved "https://registry.yarnpkg.com/@styled-icons/heroicons-outline/-/heroicons-outline-10.19.0.tgz#96205b8dd84fee2dccd5f7e6e02d334f99e6d15e"
  integrity sha512-iJsSidfi3VqSLGHA3eECSBB8/j+zxV4q2sm21/DiRZZ4UhxBVnySECaHZfSeQ8qafe51+zIR+0oOs4qJAeGCyQ==
  dependencies:
    "@babel/runtime" "^7.10.5"
    "@styled-icons/styled-icon" "^10.6.0"

"@styled-icons/heroicons-solid@^10.19.0":
  version "10.19.0"
  resolved "https://registry.yarnpkg.com/@styled-icons/heroicons-solid/-/heroicons-solid-10.19.0.tgz#4c6c448db71317eab533bad6a4f5c90dac7b48eb"
  integrity sha512-s72o12IOKyEOkRSWFqAX6Y/Od6i0ivdP7yl7nlXG9WZNiuU97FasfwS4YS4nw3kmrkM5P00EqlMuHokv4aq7TA==
  dependencies:
    "@babel/runtime" "^7.10.5"
    "@styled-icons/styled-icon" "^10.6.0"

"@styled-icons/icomoon@^10.18.0":
  version "10.18.0"
  resolved "https://registry.yarnpkg.com/@styled-icons/icomoon/-/icomoon-10.18.0.tgz#c9dbed2d54bb2bce5f69b650e20b777b0f246f4e"
  integrity sha512-4a+j4+zkhfroUiT/4wjFuMJlhL4mvauyKVXZPZPsaRkkhdgWXkfYBy9j9DwA1ETaK+7aZep9Ng3EqHHeOF5bbg==
  dependencies:
    "@babel/runtime" "^7.10.5"
    "@styled-icons/styled-icon" "^10.6.0"

"@styled-icons/ionicons-outline@^10.18.0":
  version "10.18.0"
  resolved "https://registry.yarnpkg.com/@styled-icons/ionicons-outline/-/ionicons-outline-10.18.0.tgz#9b94c85fdb00b643207b9608d0c3dcd0a2637631"
  integrity sha512-X/LMOVpM0tRlLOqxqBslewvLqtIFxpPxMVlLo3BkmfNXq0719uRdTTJFl0amhvRjfa+ZDgnbd+V/NkOlpy3tXQ==
  dependencies:
    "@babel/runtime" "^7.10.5"
    "@styled-icons/styled-icon" "^10.6.0"

"@styled-icons/ionicons-sharp@^10.18.0":
  version "10.18.0"
  resolved "https://registry.yarnpkg.com/@styled-icons/ionicons-sharp/-/ionicons-sharp-10.18.0.tgz#a5fd0ba1953290410aacd14f0c761b6cf49a68cd"
  integrity sha512-lvz08n79pxuLmLnNUHMxy1t+1AhtQ4eVryyCbq+Ywda+TRgST+o+Dun3EF54td7QPq4gvKcJLqM8ScinQWCenQ==
  dependencies:
    "@babel/runtime" "^7.10.5"
    "@styled-icons/styled-icon" "^10.6.0"

"@styled-icons/ionicons-solid@^10.18.0":
  version "10.18.0"
  resolved "https://registry.yarnpkg.com/@styled-icons/ionicons-solid/-/ionicons-solid-10.18.0.tgz#3794f4c70b7e8515ea105f45b6c25e7c67f2fd56"
  integrity sha512-jtHoZrm7vdWwDUDpfqmS+el92xkOFDbOXzSWV3odakaE1REAJ3tnoi+Sy8TOsM9btf7EHx3mYI9ltf+ZLHcNwA==
  dependencies:
    "@babel/runtime" "^7.10.5"
    "@styled-icons/styled-icon" "^10.6.0"

"@styled-icons/material-outlined@^10.18.0":
  version "10.18.0"
  resolved "https://registry.yarnpkg.com/@styled-icons/material-outlined/-/material-outlined-10.18.0.tgz#75641187b8ea6ba0a86ceb1061ea0df0aab5216c"
  integrity sha512-ek+OQLQNBJ41vj1LUSlKfBMCNtmskl8PveOehaDFEWTiqnhYXZPS4t2cxiAnEI7VkgelovVufwNPJmJpnqWZfw==
  dependencies:
    "@babel/runtime" "^7.10.5"
    "@styled-icons/styled-icon" "^10.6.0"

"@styled-icons/material-rounded@^10.18.0":
  version "10.18.0"
  resolved "https://registry.yarnpkg.com/@styled-icons/material-rounded/-/material-rounded-10.18.0.tgz#26a4332393763b2ac13766094f70822f6711b71a"
  integrity sha512-mzLXzjuUb/HJxB8aBhIca35/YqoBqUNO8VC/TM7Mh9OrlxEL+gOs87PgBjm7eE7QnDC+sIdRKw6e3lwEJThgSg==
  dependencies:
    "@babel/runtime" "^7.10.5"
    "@styled-icons/styled-icon" "^10.6.0"

"@styled-icons/material-sharp@^10.18.0":
  version "10.18.0"
  resolved "https://registry.yarnpkg.com/@styled-icons/material-sharp/-/material-sharp-10.18.0.tgz#5c9ddf8cfaed31f6e8423537153c0c232e5de977"
  integrity sha512-bN+6UxqLUKUkPNkOH+KCVMar085HpIPLeYf38WthSq74ON7xtlvZ9LJZPlzOycH2xCv0AbRSDvKQCyXKWIq/3g==
  dependencies:
    "@babel/runtime" "^7.10.5"
    "@styled-icons/styled-icon" "^10.6.0"

"@styled-icons/material-twotone@^10.18.0":
  version "10.18.0"
  resolved "https://registry.yarnpkg.com/@styled-icons/material-twotone/-/material-twotone-10.18.0.tgz#da30a314d70c51232b16d3fd17bf246545a818a5"
  integrity sha512-VBoPrFLOImxUbXp4djMwx9ZrkmKGbUe/wbGWkzEch7flxxFTV5ZJ6Ja/8M1tfNO9uLDp0Dj7L8nGoUT4kFJNFw==
  dependencies:
    "@babel/runtime" "^7.10.5"
    "@styled-icons/styled-icon" "^10.6.0"

"@styled-icons/material@^10.18.0":
  version "10.18.0"
  resolved "https://registry.yarnpkg.com/@styled-icons/material/-/material-10.18.0.tgz#60a410e8f5896e69f3855de3a3b617e07b3c204b"
  integrity sha512-Dij/c82R3mgh1bD+O1CCS3zakEId0crcEb7Nqz6OCgyR24KNjBOMZ5k4JJIxjL/KQJvxJgxUhm0F4pdjMeh9Vg==
  dependencies:
    "@babel/runtime" "^7.10.5"
    "@styled-icons/styled-icon" "^10.6.0"

"@styled-icons/octicons@^10.20.0":
  version "10.20.0"
  resolved "https://registry.yarnpkg.com/@styled-icons/octicons/-/octicons-10.20.0.tgz#f90b908cbf4463d2f57ef62eb7ee9fbe1c67c1cb"
  integrity sha512-rgy3/+pw2beMMZOhw/Rf5xbfivjJmq9nqKayPddssW/cz4j15PdJharUeMxj+BDLJ3ItQF4ezsrcQwdeHs8eqg==
  dependencies:
    "@babel/runtime" "^7.10.5"
    "@styled-icons/styled-icon" "^10.6.0"

"@styled-icons/open-iconic@^10.18.0":
  version "10.18.0"
  resolved "https://registry.yarnpkg.com/@styled-icons/open-iconic/-/open-iconic-10.18.0.tgz#658bd6aee9232d0983c7aa8949713221c7d5bb87"
  integrity sha512-H+uiRUDm09SXlOgJheOmhT0KeLs5uBS85H2VF1ypMN1m/vy/NdaGP5QAvWTCzBk088JJGYEkvhb4i4pGcwRsEA==
  dependencies:
    "@babel/runtime" "^7.10.5"
    "@styled-icons/styled-icon" "^10.6.0"

"@styled-icons/remix-fill@^10.18.0":
  version "10.18.0"
  resolved "https://registry.yarnpkg.com/@styled-icons/remix-fill/-/remix-fill-10.18.0.tgz#7a7b007b6d3e97ff3b63fc07f7af1d365245b25a"
  integrity sha512-FbnQMvxt2R7CYb8j/dVAXd31CDg4k3vX1zG/9GH9qpL536yxndnyopa7hwF/Yisy2pzR7uNlNXmTQAmYK2HSrg==
  dependencies:
    "@babel/runtime" "^7.10.5"
    "@styled-icons/styled-icon" "^10.6.0"

"@styled-icons/remix-line@^10.18.0":
  version "10.18.0"
  resolved "https://registry.yarnpkg.com/@styled-icons/remix-line/-/remix-line-10.18.0.tgz#f6bd167883fb46a0103d60a8f4106823740e4b3e"
  integrity sha512-UZllhk6hEWFyZt+jdPCO4zbeM0P3Y/Lc1iWWOwUXGP5AzStM2KadjaGpi99FhNfrvrly98cVB8b4M/GVExYn0Q==
  dependencies:
    "@babel/runtime" "^7.10.5"
    "@styled-icons/styled-icon" "^10.6.0"

"@styled-icons/simple-icons@^10.21.0":
  version "10.21.0"
  resolved "https://registry.yarnpkg.com/@styled-icons/simple-icons/-/simple-icons-10.21.0.tgz#db8558172f3693ecf3309626718ad5e069650dbe"
  integrity sha512-fbd+KMETkBw/ZeSf0KyRdLpwRqpcSSJWhv5dLnZnDlj+a1aIRDZZl+eQ2BBgPJYzdXIx4fYP+l3kGugNPy1eyA==
  dependencies:
    "@babel/runtime" "^7.10.5"
    "@styled-icons/styled-icon" "^10.6.0"

"@styled-icons/styled-icon@^10.6.0":
  version "10.6.3"
  resolved "https://registry.yarnpkg.com/@styled-icons/styled-icon/-/styled-icon-10.6.3.tgz#eae0e5e18fd601ac47e821bb9c2e099810e86403"
  integrity sha512-/A95L3peioLoWFiy+/eKRhoQ9r/oRrN/qzbSX4hXU1nGP2rUXcX3LWUhoBNAOp9Rw38ucc/4ralY427UUNtcGQ==
  dependencies:
    "@babel/runtime" "^7.10.5"
    "@emotion/is-prop-valid" "^0.8.7"

"@styled-icons/typicons@^10.18.0":
  version "10.18.0"
  resolved "https://registry.yarnpkg.com/@styled-icons/typicons/-/typicons-10.18.0.tgz#87924805c219d4eda6193e87643a71b3ff10ac12"
  integrity sha512-VN9vEzeAn5//uUvBN2N/OAXnrC6zCERu1eXUiXmYTwd7n8ZoMMASKmVWrAho20YmhUjEPZdSvS1cJ/pzV9K6Zg==
  dependencies:
    "@babel/runtime" "^7.10.5"
    "@styled-icons/styled-icon" "^10.6.0"

"@styled-icons/zondicons@^10.18.0":
  version "10.18.0"
  resolved "https://registry.yarnpkg.com/@styled-icons/zondicons/-/zondicons-10.18.0.tgz#56fd377ffb8412495694e4b19cb72b5bbd38f744"
  integrity sha512-P+XDzHRjY7zgcOYI22VJPg4GW01760VICwMSF2vJFRd0bux3hKIJI8voABA9v00Ce1TeOZnUbKcgQFBNIThs5w==
  dependencies:
    "@babel/runtime" "^7.10.5"
    "@styled-icons/styled-icon" "^10.6.0"

regenerator-runtime@^0.13.4:
  version "0.13.7"
  resolved "https://registry.yarnpkg.com/regenerator-runtime/-/regenerator-runtime-0.13.7.tgz#cac2dacc8a1ea675feaabaeb8ae833898ae46f55"
  integrity sha512-a54FxoJDIr27pgf7IgeQGxmqUNYrcV338lf/6gH456HZ/PhX+5BcwHXG9ajESmwe6WRO0tAzRUrRmNONWgkrew==

styled-icons@^10.21.0:
  version "10.21.0"
  resolved "https://registry.yarnpkg.com/styled-icons/-/styled-icons-10.21.0.tgz#bedcb2c8de6fde224d2af0f37337440e93bdab65"
  integrity sha512-QHK9Qo4BEYUzC+zIH5ZB6v83FGBegj3jF4XqXB7v+j1ptlmkNOMqt3ULWDnrvDbzzgkSDaPhPl+yZy/8x8JGtw==
  dependencies:
    "@babel/runtime" "^7.10.5"
    "@styled-icons/bootstrap" "^10.19.0"
    "@styled-icons/boxicons-logos" "^10.18.0"
    "@styled-icons/boxicons-regular" "^10.18.0"
    "@styled-icons/boxicons-solid" "^10.18.0"
    "@styled-icons/crypto" "^10.18.0"
    "@styled-icons/entypo" "^10.18.0"
    "@styled-icons/entypo-social" "^10.18.0"
    "@styled-icons/evaicons-outline" "^10.18.0"
    "@styled-icons/evaicons-solid" "^10.18.0"
    "@styled-icons/evil" "^10.18.0"
    "@styled-icons/fa-brands" "^10.18.0"
    "@styled-icons/fa-regular" "^10.18.0"
    "@styled-icons/fa-solid" "^10.18.0"
    "@styled-icons/feather" "^10.18.0"
    "@styled-icons/foundation" "^10.18.0"
    "@styled-icons/heroicons-outline" "^10.19.0"
    "@styled-icons/heroicons-solid" "^10.19.0"
    "@styled-icons/icomoon" "^10.18.0"
    "@styled-icons/ionicons-outline" "^10.18.0"
    "@styled-icons/ionicons-sharp" "^10.18.0"
    "@styled-icons/ionicons-solid" "^10.18.0"
    "@styled-icons/material" "^10.18.0"
    "@styled-icons/material-outlined" "^10.18.0"
    "@styled-icons/material-rounded" "^10.18.0"
    "@styled-icons/material-sharp" "^10.18.0"
    "@styled-icons/material-twotone" "^10.18.0"
    "@styled-icons/octicons" "^10.20.0"
    "@styled-icons/open-iconic" "^10.18.0"
    "@styled-icons/remix-fill" "^10.18.0"
    "@styled-icons/remix-line" "^10.18.0"
    "@styled-icons/simple-icons" "^10.21.0"
    "@styled-icons/styled-icon" "^10.6.0"
    "@styled-icons/typicons" "^10.18.0"
    "@styled-icons/zondicons" "^10.18.0"
